// !$*UTF8*$!
{
	archiveVersion = 1;
	classes = {
	};
	objectVersion = 55;
	objects = {

/* Begin PBXBuildFile section */
		5351CA56291566030045803E /* NewDigsApp.swift in Sources */ = {isa = PBXBuildFile; fileRef = 5351CA55291566030045803E /* NewDigsApp.swift */; };
		5351CA58291566030045803E /* ContentView.swift in Sources */ = {isa = PBXBuildFile; fileRef = 5351CA57291566030045803E /* ContentView.swift */; };
		5351CA5A291566060045803E /* Assets.xcassets in Resources */ = {isa = PBXBuildFile; fileRef = 5351CA59291566060045803E /* Assets.xcassets */; };
		5351CA5D291566060045803E /* Preview Assets.xcassets in Resources */ = {isa = PBXBuildFile; fileRef = 5351CA5C291566060045803E /* Preview Assets.xcassets */; };
		5351CA5F291566060045803E /* Persistence.swift in Sources */ = {isa = PBXBuildFile; fileRef = 5351CA5E291566060045803E /* Persistence.swift */; };
		5351CA62291566060045803E /* NewDigs.xcdatamodeld in Sources */ = {isa = PBXBuildFile; fileRef = 5351CA60291566060045803E /* NewDigs.xcdatamodeld */; };
		5351CA6B291569FC0045803E /* PhotoPicker.swift in Sources */ = {isa = PBXBuildFile; fileRef = 5351CA68291569FC0045803E /* PhotoPicker.swift */; };
		5351CA6C291569FC0045803E /* LocationVM.swift in Sources */ = {isa = PBXBuildFile; fileRef = 5351CA69291569FC0045803E /* LocationVM.swift */; };
		5351CA6D291569FC0045803E /* MapView.swift in Sources */ = {isa = PBXBuildFile; fileRef = 5351CA6A291569FC0045803E /* MapView.swift */; };
		5351CA7129156D950045803E /* AddApartmentView.swift in Sources */ = {isa = PBXBuildFile; fileRef = 5351CA7029156D950045803E /* AddApartmentView.swift */; };
		5351CA73291570AC0045803E /* ApartmentView.swift in Sources */ = {isa = PBXBuildFile; fileRef = 5351CA72291570AC0045803E /* ApartmentView.swift */; };
/* End PBXBuildFile section */

/* Begin PBXFileReference section */
		5351CA52291566030045803E /* NewDigs.app */ = {isa = PBXFileReference; explicitFileType = wrapper.application; includeInIndex = 0; path = NewDigs.app; sourceTree = BUILT_PRODUCTS_DIR; };
		5351CA55291566030045803E /* NewDigsApp.swift */ = {isa = PBXFileReference; lastKnownFileType = sourcecode.swift; path = NewDigsApp.swift; sourceTree = "<group>"; };
		5351CA57291566030045803E /* ContentView.swift */ = {isa = PBXFileReference; lastKnownFileType = sourcecode.swift; path = ContentView.swift; sourceTree = "<group>"; };
		5351CA59291566060045803E /* Assets.xcassets */ = {isa = PBXFileReference; lastKnownFileType = folder.assetcatalog; path = Assets.xcassets; sourceTree = "<group>"; };
		5351CA5C291566060045803E /* Preview Assets.xcassets */ = {isa = PBXFileReference; lastKnownFileType = folder.assetcatalog; path = "Preview Assets.xcassets"; sourceTree = "<group>"; };
		5351CA5E291566060045803E /* Persistence.swift */ = {isa = PBXFileReference; lastKnownFileType = sourcecode.swift; path = Persistence.swift; sourceTree = "<group>"; };
		5351CA61291566060045803E /* NewDigs.xcdatamodel */ = {isa = PBXFileReference; lastKnownFileType = wrapper.xcdatamodel; path = NewDigs.xcdatamodel; sourceTree = "<group>"; };
		5351CA68291569FC0045803E /* PhotoPicker.swift */ = {isa = PBXFileReference; fileEncoding = 4; lastKnownFileType = sourcecode.swift; path = PhotoPicker.swift; sourceTree = "<group>"; };
		5351CA69291569FC0045803E /* LocationVM.swift */ = {isa = PBXFileReference; fileEncoding = 4; lastKnownFileType = sourcecode.swift; path = LocationVM.swift; sourceTree = "<group>"; };
		5351CA6A291569FC0045803E /* MapView.swift */ = {isa = PBXFileReference; fileEncoding = 4; lastKnownFileType = sourcecode.swift; path = MapView.swift; sourceTree = "<group>"; };
		5351CA7029156D950045803E /* AddApartmentView.swift */ = {isa = PBXFileReference; fileEncoding = 4; lastKnownFileType = sourcecode.swift; path = AddApartmentView.swift; sourceTree = "<group>"; };
		5351CA72291570AC0045803E /* ApartmentView.swift */ = {isa = PBXFileReference; lastKnownFileType = sourcecode.swift; path = ApartmentView.swift; sourceTree = "<group>"; };
/* End PBXFileReference section */

/* Begin PBXFrameworksBuildPhase section */
		5351CA4F291566030045803E /* Frameworks */ = {
			isa = PBXFrameworksBuildPhase;
			buildActionMask = 2147483647;
			files = (
			);
			runOnlyForDeploymentPostprocessing = 0;
		};
/* End PBXFrameworksBuildPhase section */

/* Begin PBXGroup section */
		5351CA49291566030045803E = {
			isa = PBXGroup;
			children = (
				5351CA54291566030045803E /* NewDigs */,
				5351CA53291566030045803E /* Products */,
			);
			sourceTree = "<group>";
		};
		5351CA53291566030045803E /* Products */ = {
			isa = PBXGroup;
			children = (
				5351CA52291566030045803E /* NewDigs.app */,
			);
			name = Products;
			sourceTree = "<group>";
		};
		5351CA54291566030045803E /* NewDigs */ = {
			isa = PBXGroup;
			children = (
				5351CA72291570AC0045803E /* ApartmentView.swift */,
				5351CA7029156D950045803E /* AddApartmentView.swift */,
				5351CA69291569FC0045803E /* LocationVM.swift */,
				5351CA6A291569FC0045803E /* MapView.swift */,
				5351CA68291569FC0045803E /* PhotoPicker.swift */,
				5351CA55291566030045803E /* NewDigsApp.swift */,
				5351CA57291566030045803E /* ContentView.swift */,
				5351CA59291566060045803E /* Assets.xcassets */,
				5351CA5E291566060045803E /* Persistence.swift */,
				5351CA60291566060045803E /* NewDigs.xcdatamodeld */,
				5351CA5B291566060045803E /* Preview Content */,
			);
			path = NewDigs;
			sourceTree = "<group>";
		};
		5351CA5B291566060045803E /* Preview Content */ = {
			isa = PBXGroup;
			children = (
				5351CA5C291566060045803E /* Preview Assets.xcassets */,
			);
			path = "Preview Content";
			sourceTree = "<group>";
		};
/* End PBXGroup section */

/* Begin PBXNativeTarget section */
		5351CA51291566030045803E /* NewDigs */ = {
			isa = PBXNativeTarget;
			buildConfigurationList = 5351CA65291566060045803E /* Build configuration list for PBXNativeTarget "NewDigs" */;
			buildPhases = (
				5351CA4E291566030045803E /* Sources */,
				5351CA4F291566030045803E /* Frameworks */,
				5351CA50291566030045803E /* Resources */,
			);
			buildRules = (
			);
			dependencies = (
			);
			name = NewDigs;
			productName = NewDigs;
			productReference = 5351CA52291566030045803E /* NewDigs.app */;
			productType = "com.apple.product-type.application";
		};
/* End PBXNativeTarget section */

/* Begin PBXProject section */
		5351CA4A291566030045803E /* Project object */ = {
			isa = PBXProject;
			attributes = {
				BuildIndependentTargetsInParallel = 1;
				LastSwiftUpdateCheck = 1340;
				LastUpgradeCheck = 1340;
				TargetAttributes = {
					5351CA51291566030045803E = {
						CreatedOnToolsVersion = 13.4.1;
					};
				};
			};
			buildConfigurationList = 5351CA4D291566030045803E /* Build configuration list for PBXProject "NewDigs" */;
			compatibilityVersion = "Xcode 13.0";
			developmentRegion = en;
			hasScannedForEncodings = 0;
			knownRegions = (
				en,
				Base,
			);
			mainGroup = 5351CA49291566030045803E;
			productRefGroup = 5351CA53291566030045803E /* Products */;
			projectDirPath = "";
			projectRoot = "";
			targets = (
				5351CA51291566030045803E /* NewDigs */,
			);
		};
/* End PBXProject section */

/* Begin PBXResourcesBuildPhase section */
		5351CA50291566030045803E /* Resources */ = {
			isa = PBXResourcesBuildPhase;
			buildActionMask = 2147483647;
			files = (
				5351CA5D291566060045803E /* Preview Assets.xcassets in Resources */,
				5351CA5A291566060045803E /* Assets.xcassets in Resources */,
			);
			runOnlyForDeploymentPostprocessing = 0;
		};
/* End PBXResourcesBuildPhase section */

/* Begin PBXSourcesBuildPhase section */
		5351CA4E291566030045803E /* Sources */ = {
			isa = PBXSourcesBuildPhase;
			buildActionMask = 2147483647;
			files = (
				5351CA6D291569FC0045803E /* MapView.swift in Sources */,
				5351CA5F291566060045803E /* Persistence.swift in Sources */,
				5351CA62291566060045803E /* NewDigs.xcdatamodeld in Sources */,
				5351CA58291566030045803E /* ContentView.swift in Sources */,
				5351CA7129156D950045803E /* AddApartmentView.swift in Sources */,
				5351CA6B291569FC0045803E /* PhotoPicker.swift in Sources */,
				5351CA73291570AC0045803E /* ApartmentView.swift in Sources */,
				5351CA56291566030045803E /* NewDigsApp.swift in Sources */,
				5351CA6C291569FC0045803E /* LocationVM.swift in Sources */,
			);
			runOnlyForDeploymentPostprocessing = 0;
		};
/* End PBXSourcesBuildPhase section */

/* Begin XCBuildConfiguration section */
		5351CA63291566060045803E /* Debug */ = {
			isa = XCBuildConfiguration;
			buildSettings = {
				ALWAYS_SEARCH_USER_PATHS = NO;
				CLANG_ANALYZER_NONNULL = YES;
				CLANG_ANALYZER_NUMBER_OBJECT_CONVERSION = YES_AGGRESSIVE;
				CLANG_CXX_LANGUAGE_STANDARD = "gnu++17";
				CLANG_ENABLE_MODULES = YES;
				CLANG_ENABLE_OBJC_ARC = YES;
				CLANG_ENABLE_OBJC_WEAK = YES;
				CLANG_WARN_BLOCK_CAPTURE_AUTORELEASING = YES;
				CLANG_WARN_BOOL_CONVERSION = YES;
				CLANG_WARN_COMMA = YES;
				CLANG_WARN_CONSTANT_CONVERSION = YES;
				CLANG_WARN_DEPRECATED_OBJC_IMPLEMENTATIONS = YES;
				CLANG_WARN_DIRECT_OBJC_ISA_USAGE = YES_ERROR;
				CLANG_WARN_DOCUMENTATION_COMMENTS = YES;
				CLANG_WARN_EMPTY_BODY = YES;
				CLANG_WARN_ENUM_CONVERSION = YES;
				CLANG_WARN_INFINITE_RECURSION = YES;
				CLANG_WARN_INT_CONVERSION = YES;
				CLANG_WARN_NON_LITERAL_NULL_CONVERSION = YES;
				CLANG_WARN_OBJC_IMPLICIT_RETAIN_SELF = YES;
				CLANG_WARN_OBJC_LITERAL_CONVERSION = YES;
				CLANG_WARN_OBJC_ROOT_CLASS = YES_ERROR;
				CLANG_WARN_QUOTED_INCLUDE_IN_FRAMEWORK_HEADER = YES;
				CLANG_WARN_RANGE_LOOP_ANALYSIS = YES;
				CLANG_WARN_STRICT_PROTOTYPES = YES;
				CLANG_WARN_SUSPICIOUS_MOVE = YES;
				CLANG_WARN_UNGUARDED_AVAILABILITY = YES_AGGRESSIVE;
				CLANG_WARN_UNREACHABLE_CODE = YES;
				CLANG_WARN__DUPLICATE_METHOD_MATCH = YES;
				COPY_PHASE_STRIP = NO;
				DEBUG_INFORMATION_FORMAT = dwarf;
				ENABLE_STRICT_OBJC_MSGSEND = YES;
				ENABLE_TESTABILITY = YES;
				GCC_C_LANGUAGE_STANDARD = gnu11;
				GCC_DYNAMIC_NO_PIC = NO;
				GCC_NO_COMMON_BLOCKS = YES;
				GCC_OPTIMIZATION_LEVEL = 0;
				GCC_PREPROCESSOR_DEFINITIONS = (
					"DEBUG=1",
					"$(inherited)",
				);
				GCC_WARN_64_TO_32_BIT_CONVERSION = YES;
				GCC_WARN_ABOUT_RETURN_TYPE = YES_ERROR;
				GCC_WARN_UNDECLARED_SELECTOR = YES;
				GCC_WARN_UNINITIALIZED_AUTOS = YES_AGGRESSIVE;
				GCC_WARN_UNUSED_FUNCTION = YES;
				GCC_WARN_UNUSED_VARIABLE = YES;
				IPHONEOS_DEPLOYMENT_TARGET = 15.5;
				MTL_ENABLE_DEBUG_INFO = INCLUDE_SOURCE;
				MTL_FAST_MATH = YES;
				ONLY_ACTIVE_ARCH = YES;
				SDKROOT = iphoneos;
				SWIFT_ACTIVE_COMPILATION_CONDITIONS = DEBUG;
				SWIFT_OPTIMIZATION_LEVEL = "-Onone";
			};
			name = Debug;
		};
		5351CA64291566060045803E /* Release */ = {
			isa = XCBuildConfiguration;
			buildSettings = {
				ALWAYS_SEARCH_USER_PATHS = NO;
				CLANG_ANALYZER_NONNULL = YES;
				CLANG_ANALYZER_NUMBER_OBJECT_CONVERSION = YES_AGGRESSIVE;
				CLANG_CXX_LANGUAGE_STANDARD = "gnu++17";
				CLANG_ENABLE_MODULES = YES;
				CLANG_ENABLE_OBJC_ARC = YES;
				CLANG_ENABLE_OBJC_WEAK = YES;
				CLANG_WARN_BLOCK_CAPTURE_AUTORELEASING = YES;
				CLANG_WARN_BOOL_CONVERSION = YES;
				CLANG_WARN_COMMA = YES;
				CLANG_WARN_CONSTANT_CONVERSION = YES;
				CLANG_WARN_DEPRECATED_OBJC_IMPLEMENTATIONS = YES;
				CLANG_WARN_DIRECT_OBJC_ISA_USAGE = YES_ERROR;
				CLANG_WARN_DOCUMENTATION_COMMENTS = YES;
				CLANG_WARN_EMPTY_BODY = YES;
				CLANG_WARN_ENUM_CONVERSION = YES;
				CLANG_WARN_INFINITE_RECURSION = YES;
				CLANG_WARN_INT_CONVERSION = YES;
				CLANG_WARN_NON_LITERAL_NULL_CONVERSION = YES;
				CLANG_WARN_OBJC_IMPLICIT_RETAIN_SELF = YES;
				CLANG_WARN_OBJC_LITERAL_CONVERSION = YES;
				CLANG_WARN_OBJC_ROOT_CLASS = YES_ERROR;
				CLANG_WARN_QUOTED_INCLUDE_IN_FRAMEWORK_HEADER = YES;
				CLANG_WARN_RANGE_LOOP_ANALYSIS = YES;
				CLANG_WARN_STRICT_PROTOTYPES = YES;
				CLANG_WARN_SUSPICIOUS_MOVE = YES;
				CLANG_WARN_UNGUARDED_AVAILABILITY = YES_AGGRESSIVE;
				CLANG_WARN_UNREACHABLE_CODE = YES;
				CLANG_WARN__DUPLICATE_METHOD_MATCH = YES;
				COPY_PHASE_STRIP = NO;
				DEBUG_INFORMATION_FORMAT = "dwarf-with-dsym";
				ENABLE_NS_ASSERTIONS = NO;
				ENABLE_STRICT_OBJC_MSGSEND = YES;
				GCC_C_LANGUAGE_STANDARD = gnu11;
				GCC_NO_COMMON_BLOCKS = YES;
				GCC_WARN_64_TO_32_BIT_CONVERSION = YES;
				GCC_WARN_ABOUT_RETURN_TYPE = YES_ERROR;
				GCC_WARN_UNDECLARED_SELECTOR = YES;
				GCC_WARN_UNINITIALIZED_AUTOS = YES_AGGRESSIVE;
				GCC_WARN_UNUSED_FUNCTION = YES;
				GCC_WARN_UNUSED_VARIABLE = YES;
				IPHONEOS_DEPLOYMENT_TARGET = 15.5;
				MTL_ENABLE_DEBUG_INFO = NO;
				MTL_FAST_MATH = YES;
				SDKROOT = iphoneos;
				SWIFT_COMPILATION_MODE = wholemodule;
				SWIFT_OPTIMIZATION_LEVEL = "-O";
				VALIDATE_PRODUCT = YES;
			};
			name = Release;
		};
		5351CA66291566060045803E /* Debug */ = {
			isa = XCBuildConfiguration;
			buildSettings = {
				ASSETCATALOG_COMPILER_APPICON_NAME = AppIcon;
				ASSETCATALOG_COMPILER_GLOBAL_ACCENT_COLOR_NAME = AccentColor;
				CODE_SIGN_STYLE = Automatic;
				CURRENT_PROJECT_VERSION = 1;
				DEVELOPMENT_ASSET_PATHS = "\"NewDigs/Preview Content\"";
				DEVELOPMENT_TEAM = M866N23967;
				ENABLE_PREVIEWS = YES;
				GENERATE_INFOPLIST_FILE = YES;
				INFOPLIST_KEY_NSLocationWhenInUseUsageDescription = Findme;
				INFOPLIST_KEY_UIApplicationSceneManifest_Generation = YES;
				INFOPLIST_KEY_UIApplicationSupportsIndirectInputEvents = YES;
				INFOPLIST_KEY_UILaunchScreen_Generation = YES;
				INFOPLIST_KEY_UISupportedInterfaceOrientations_iPad = "UIInterfaceOrientationPortrait UIInterfaceOrientationPortraitUpsideDown UIInterfaceOrientationLandscapeLeft UIInterfaceOrientationLandscapeRight";
				INFOPLIST_KEY_UISupportedInterfaceOrientations_iPhone = "UIInterfaceOrientationPortrait UIInterfaceOrientationLandscapeLeft UIInterfaceOrientationLandscapeRight";
				LD_RUNPATH_SEARCH_PATHS = (
					"$(inherited)",
					"@executable_path/Frameworks",
				);
				MARKETING_VERSION = 1.0;
				PRODUCT_BUNDLE_IDENTIFIER = com.mgoldb16.NewDigs;
				PRODUCT_NAME = "$(TARGET_NAME)";
				SWIFT_EMIT_LOC_STRINGS = YES;
				SWIFT_VERSION = 5.0;
				TARGETED_DEVICE_FAMILY = "1,2";
			};
			name = Debug;
		};
		5351CA67291566060045803E /* Release */ = {
			isa = XCBuildConfiguration;
			buildSettings = {
				ASSETCATALOG_COMPILER_APPICON_NAME = AppIcon;
				ASSETCATALOG_COMPILER_GLOBAL_ACCENT_COLOR_NAME = AccentColor;
				CODE_SIGN_STYLE = Automatic;
				CURRENT_PROJECT_VERSION = 1;
				DEVELOPMENT_ASSET_PATHS = "\"NewDigs/Preview Content\"";
				DEVELOPMENT_TEAM = M866N23967;
				ENABLE_PREVIEWS = YES;
				GENERATE_INFOPLIST_FILE = YES;
				INFOPLIST_KEY_NSLocationWhenInUseUsageDescription = Findme;
				INFOPLIST_KEY_UIApplicationSceneManifest_Generation = YES;
				INFOPLIST_KEY_UIApplicationSupportsIndirectInputEvents = YES;
				INFOPLIST_KEY_UILaunchScreen_Generation = YES;
				INFOPLIST_KEY_UISupportedInterfaceOrientations_iPad = "UIInterfaceOrientationPortrait UIInterfaceOrientationPortraitUpsideDown UIInterfaceOrientationLandscapeLeft UIInterfaceOrientationLandscapeRight";
				INFOPLIST_KEY_UISupportedInterfaceOrientations_iPhone = "UIInterfaceOrientationPortrait UIInterfaceOrientationLandscapeLeft UIInterfaceOrientationLandscapeRight";
				LD_RUNPATH_SEARCH_PATHS = (
					"$(inherited)",
					"@executable_path/Frameworks",
				);
				MARKETING_VERSION = 1.0;
				PRODUCT_BUNDLE_IDENTIFIER = com.mgoldb16.NewDigs;
				PRODUCT_NAME = "$(TARGET_NAME)";
				SWIFT_EMIT_LOC_STRINGS = YES;
				SWIFT_VERSION = 5.0;
				TARGETED_DEVICE_FAMILY = "1,2";
			};
			name = Release;
		};
/* End XCBuildConfiguration section */

/* Begin XCConfigurationList section */
		5351CA4D291566030045803E /* Build configuration list for PBXProject "NewDigs" */ = {
			isa = XCConfigurationList;
			buildConfigurations = (
				5351CA63291566060045803E /* Debug */,
				5351CA64291566060045803E /* Release */,
			);
			defaultConfigurationIsVisible = 0;
			defaultConfigurationName = Release;
		};
		5351CA65291566060045803E /* Build configuration list for PBXNativeTarget "NewDigs" */ = {
			isa = XCConfigurationList;
			buildConfigurations = (
				5351CA66291566060045803E /* Debug */,
				5351CA67291566060045803E /* Release */,
			);
			defaultConfigurationIsVisible = 0;
			defaultConfigurationName = Release;
		};
/* End XCConfigurationList section */

/* Begin XCVersionGroup section */
		5351CA60291566060045803E /* NewDigs.xcdatamodeld */ = {
			isa = XCVersionGroup;
			children = (
				5351CA61291566060045803E /* NewDigs.xcdatamodel */,
			);
			currentVersion = 5351CA61291566060045803E /* NewDigs.xcdatamodel */;
			path = NewDigs.xcdatamodeld;
			sourceTree = "<group>";
			versionGroupType = wrapper.xcdatamodel;
		};
/* End XCVersionGroup section */
	};
	rootObject = 5351CA4A291566030045803E /* Project object */;
}
